{
  "version": 4,
  "terraform_version": "1.9.8",
  "serial": 57,
  "lineage": "48354089-ea1e-d9d8-4789-bd82e7f355c0",
  "outputs": {},
  "resources": [
    {
      "mode": "managed",
      "type": "juju_model",
      "name": "cos",
      "provider": "provider[\"registry.terraform.io/juju/juju\"]",
      "instances": [
        {
          "schema_version": 0,
          "attributes": {
            "cloud": [],
            "config": null,
            "constraints": null,
            "credential": "microk8s",
            "id": "4cd69feb-3800-448f-80d5-9c4f31c20b8b",
            "name": "cos",
            "type": "caas"
          },
          "sensitive_attributes": [],
          "dependencies": [
            "juju_model.spark"
          ]
        }
      ]
    },
    {
      "mode": "managed",
      "type": "juju_model",
      "name": "spark",
      "provider": "provider[\"registry.terraform.io/juju/juju\"]",
      "instances": [
        {
          "schema_version": 0,
          "attributes": {
            "cloud": [],
            "config": null,
            "constraints": null,
            "credential": "microk8s",
            "id": "b432471c-8c33-46db-8486-249ca6e7bbf3",
            "name": "spark",
            "type": "caas"
          },
          "sensitive_attributes": []
        }
      ]
    },
    {
      "module": "module.cos",
      "mode": "managed",
      "type": "juju_application",
      "name": "alertmanager",
      "provider": "provider[\"registry.terraform.io/juju/juju\"]",
      "instances": [
        {
          "schema_version": 0,
          "attributes": {
            "charm": [
              {
                "base": "ubuntu@20.04",
                "channel": "latest/stable",
                "name": "alertmanager-k8s",
                "revision": 125,
                "series": "focal"
              }
            ],
            "config": null,
            "constraints": "arch=amd64",
            "endpoint_bindings": null,
            "expose": [],
            "id": "cos:alertmanager",
            "model": "cos",
            "name": "alertmanager",
            "placement": "",
            "principal": null,
            "resources": null,
            "storage": [
              {
                "count": 1,
                "label": "data",
                "pool": "kubernetes",
                "size": "10G"
              }
            ],
            "storage_directives": {
              "data": "10G"
            },
            "trust": true,
            "units": 1
          },
          "sensitive_attributes": [],
          "dependencies": [
            "juju_model.cos",
            "juju_model.spark"
          ]
        }
      ]
    },
    {
      "module": "module.cos",
      "mode": "managed",
      "type": "juju_application",
      "name": "catalogue",
      "provider": "provider[\"registry.terraform.io/juju/juju\"]",
      "instances": [
        {
          "schema_version": 0,
          "attributes": {
            "charm": [
              {
                "base": "ubuntu@20.04",
                "channel": "latest/stable",
                "name": "catalogue-k8s",
                "revision": 59,
                "series": "focal"
              }
            ],
            "config": {
              "description": "Canonical Observability Stack Lite"
            },
            "constraints": "arch=amd64",
            "endpoint_bindings": null,
            "expose": [],
            "id": "cos:catalogue",
            "model": "cos",
            "name": "catalogue",
            "placement": "",
            "principal": null,
            "resources": null,
            "storage": null,
            "storage_directives": null,
            "trust": true,
            "units": 1
          },
          "sensitive_attributes": [],
          "dependencies": [
            "juju_model.cos",
            "juju_model.spark"
          ]
        }
      ]
    },
    {
      "module": "module.cos",
      "mode": "managed",
      "type": "juju_application",
      "name": "grafana",
      "provider": "provider[\"registry.terraform.io/juju/juju\"]",
      "instances": [
        {
          "schema_version": 0,
          "attributes": {
            "charm": [
              {
                "base": "ubuntu@20.04",
                "channel": "latest/stable",
                "name": "grafana-k8s",
                "revision": 117,
                "series": "focal"
              }
            ],
            "config": null,
            "constraints": "arch=amd64",
            "endpoint_bindings": null,
            "expose": [],
            "id": "cos:grafana",
            "model": "cos",
            "name": "grafana",
            "placement": "",
            "principal": null,
            "resources": null,
            "storage": [
              {
                "count": 1,
                "label": "database-7",
                "pool": "kubernetes",
                "size": "10G"
              }
            ],
            "storage_directives": {
              "database": "10G"
            },
            "trust": true,
            "units": 1
          },
          "sensitive_attributes": [],
          "dependencies": [
            "juju_model.cos",
            "juju_model.spark"
          ]
        }
      ]
    },
    {
      "module": "module.cos",
      "mode": "managed",
      "type": "juju_application",
      "name": "loki",
      "provider": "provider[\"registry.terraform.io/juju/juju\"]",
      "instances": [
        {
          "schema_version": 0,
          "attributes": {
            "charm": [
              {
                "base": "ubuntu@20.04",
                "channel": "latest/stable",
                "name": "loki-k8s",
                "revision": 160,
                "series": "focal"
              }
            ],
            "config": null,
            "constraints": "arch=amd64",
            "endpoint_bindings": null,
            "expose": [],
            "id": "cos:loki",
            "model": "cos",
            "name": "loki",
            "placement": "",
            "principal": null,
            "resources": null,
            "storage": [
              {
                "count": 1,
                "label": "active-index-directory-6",
                "pool": "kubernetes",
                "size": "10G"
              },
              {
                "count": 1,
                "label": "loki-chunks-8",
                "pool": "kubernetes",
                "size": "512G"
              }
            ],
            "storage_directives": {
              "active-index-directory": "10G",
              "loki-chunks": "500G"
            },
            "trust": true,
            "units": 1
          },
          "sensitive_attributes": [],
          "dependencies": [
            "juju_model.cos",
            "juju_model.spark"
          ]
        }
      ]
    },
    {
      "module": "module.cos",
      "mode": "managed",
      "type": "juju_application",
      "name": "prometheus",
      "provider": "provider[\"registry.terraform.io/juju/juju\"]",
      "instances": [
        {
          "schema_version": 0,
          "attributes": {
            "charm": [
              {
                "base": "ubuntu@20.04",
                "channel": "latest/stable",
                "name": "prometheus-k8s",
                "revision": 209,
                "series": "focal"
              }
            ],
            "config": {
              "metrics_retention_time": "90d"
            },
            "constraints": "arch=amd64",
            "endpoint_bindings": null,
            "expose": [],
            "id": "cos:prometheus",
            "model": "cos",
            "name": "prometheus",
            "placement": "",
            "principal": null,
            "resources": null,
            "storage": [
              {
                "count": 1,
                "label": "database-5",
                "pool": "kubernetes",
                "size": "512G"
              }
            ],
            "storage_directives": {
              "database": "500G"
            },
            "trust": true,
            "units": 1
          },
          "sensitive_attributes": [],
          "dependencies": [
            "juju_model.cos",
            "juju_model.spark"
          ]
        }
      ]
    },
    {
      "module": "module.cos",
      "mode": "managed",
      "type": "juju_application",
      "name": "traefik",
      "provider": "provider[\"registry.terraform.io/juju/juju\"]",
      "instances": [
        {
          "schema_version": 0,
          "attributes": {
            "charm": [
              {
                "base": "ubuntu@20.04",
                "channel": "latest/stable",
                "name": "traefik-k8s",
                "revision": 194,
                "series": "focal"
              }
            ],
            "config": {
              "tls-ca": "",
              "tls-cert": "",
              "tls-key": ""
            },
            "constraints": "arch=amd64",
            "endpoint_bindings": null,
            "expose": [],
            "id": "cos:traefik",
            "model": "cos",
            "name": "traefik",
            "placement": "",
            "principal": null,
            "resources": null,
            "storage": [
              {
                "count": 1,
                "label": "configurations-1",
                "pool": "kubernetes",
                "size": "10G"
              }
            ],
            "storage_directives": {
              "configurations": "10G"
            },
            "trust": true,
            "units": 1
          },
          "sensitive_attributes": [],
          "dependencies": [
            "juju_model.cos",
            "juju_model.spark"
          ]
        }
      ]
    },
    {
      "module": "module.cos",
      "mode": "managed",
      "type": "juju_integration",
      "name": "catalogue-alertmanager",
      "provider": "provider[\"registry.terraform.io/juju/juju\"]",
      "instances": [
        {
          "schema_version": 0,
          "attributes": {
            "application": [
              {
                "endpoint": "catalogue",
                "name": "alertmanager",
                "offer_url": null
              },
              {
                "endpoint": "catalogue",
                "name": "catalogue",
                "offer_url": null
              }
            ],
            "id": "cos:catalogue:catalogue:alertmanager:catalogue",
            "model": "cos",
            "via": null
          },
          "sensitive_attributes": [],
          "dependencies": [
            "juju_model.cos",
            "juju_model.spark",
            "module.cos.juju_application.alertmanager",
            "module.cos.juju_application.catalogue"
          ]
        }
      ]
    },
    {
      "module": "module.cos",
      "mode": "managed",
      "type": "juju_integration",
      "name": "catalogue-grafana",
      "provider": "provider[\"registry.terraform.io/juju/juju\"]",
      "instances": [
        {
          "schema_version": 0,
          "attributes": {
            "application": [
              {
                "endpoint": "catalogue",
                "name": "catalogue",
                "offer_url": null
              },
              {
                "endpoint": "catalogue",
                "name": "grafana",
                "offer_url": null
              }
            ],
            "id": "cos:catalogue:catalogue:grafana:catalogue",
            "model": "cos",
            "via": null
          },
          "sensitive_attributes": [],
          "dependencies": [
            "juju_model.cos",
            "juju_model.spark",
            "module.cos.juju_application.catalogue",
            "module.cos.juju_application.grafana"
          ]
        }
      ]
    },
    {
      "module": "module.cos",
      "mode": "managed",
      "type": "juju_integration",
      "name": "catalogue-prometheus",
      "provider": "provider[\"registry.terraform.io/juju/juju\"]",
      "instances": [
        {
          "schema_version": 0,
          "attributes": {
            "application": [
              {
                "endpoint": "catalogue",
                "name": "catalogue",
                "offer_url": null
              },
              {
                "endpoint": "catalogue",
                "name": "prometheus",
                "offer_url": null
              }
            ],
            "id": "cos:catalogue:catalogue:prometheus:catalogue",
            "model": "cos",
            "via": null
          },
          "sensitive_attributes": [],
          "dependencies": [
            "juju_model.cos",
            "juju_model.spark",
            "module.cos.juju_application.catalogue",
            "module.cos.juju_application.prometheus"
          ]
        }
      ]
    },
    {
      "module": "module.cos",
      "mode": "managed",
      "type": "juju_integration",
      "name": "catalogue-traefik",
      "provider": "provider[\"registry.terraform.io/juju/juju\"]",
      "instances": [
        {
          "schema_version": 0,
          "attributes": {
            "application": [
              {
                "endpoint": "ingress",
                "name": "catalogue",
                "offer_url": null
              },
              {
                "endpoint": "ingress",
                "name": "traefik",
                "offer_url": null
              }
            ],
            "id": "cos:traefik:ingress:catalogue:ingress",
            "model": "cos",
            "via": null
          },
          "sensitive_attributes": [],
          "dependencies": [
            "juju_model.cos",
            "juju_model.spark",
            "module.cos.juju_application.catalogue",
            "module.cos.juju_application.traefik"
          ]
        }
      ]
    },
    {
      "module": "module.cos",
      "mode": "managed",
      "type": "juju_integration",
      "name": "grafana-alertmanager-dashboard",
      "provider": "provider[\"registry.terraform.io/juju/juju\"]",
      "instances": [
        {
          "schema_version": 0,
          "attributes": {
            "application": [
              {
                "endpoint": "grafana-dashboard",
                "name": "alertmanager",
                "offer_url": null
              },
              {
                "endpoint": "grafana-dashboard",
                "name": "grafana",
                "offer_url": null
              }
            ],
            "id": "cos:alertmanager:grafana-dashboard:grafana:grafana-dashboard",
            "model": "cos",
            "via": null
          },
          "sensitive_attributes": [],
          "dependencies": [
            "juju_model.cos",
            "juju_model.spark",
            "module.cos.juju_application.alertmanager",
            "module.cos.juju_application.grafana"
          ]
        }
      ]
    },
    {
      "module": "module.cos",
      "mode": "managed",
      "type": "juju_integration",
      "name": "grafana-alertmanager-source",
      "provider": "provider[\"registry.terraform.io/juju/juju\"]",
      "instances": [
        {
          "schema_version": 0,
          "attributes": {
            "application": [
              {
                "endpoint": "grafana-source",
                "name": "alertmanager",
                "offer_url": null
              },
              {
                "endpoint": "grafana-source",
                "name": "grafana",
                "offer_url": null
              }
            ],
            "id": "cos:alertmanager:grafana-source:grafana:grafana-source",
            "model": "cos",
            "via": null
          },
          "sensitive_attributes": [],
          "dependencies": [
            "juju_model.cos",
            "juju_model.spark",
            "module.cos.juju_application.alertmanager",
            "module.cos.juju_application.grafana"
          ]
        }
      ]
    },
    {
      "module": "module.cos",
      "mode": "managed",
      "type": "juju_integration",
      "name": "grafana-loki-dashboard",
      "provider": "provider[\"registry.terraform.io/juju/juju\"]",
      "instances": [
        {
          "schema_version": 0,
          "attributes": {
            "application": [
              {
                "endpoint": "grafana-dashboard",
                "name": "grafana",
                "offer_url": null
              },
              {
                "endpoint": "grafana-dashboard",
                "name": "loki",
                "offer_url": null
              }
            ],
            "id": "cos:loki:grafana-dashboard:grafana:grafana-dashboard",
            "model": "cos",
            "via": null
          },
          "sensitive_attributes": [],
          "dependencies": [
            "juju_model.cos",
            "juju_model.spark",
            "module.cos.juju_application.grafana",
            "module.cos.juju_application.loki"
          ]
        }
      ]
    },
    {
      "module": "module.cos",
      "mode": "managed",
      "type": "juju_integration",
      "name": "grafana-loki-source",
      "provider": "provider[\"registry.terraform.io/juju/juju\"]",
      "instances": [
        {
          "schema_version": 0,
          "attributes": {
            "application": [
              {
                "endpoint": "grafana-source",
                "name": "grafana",
                "offer_url": null
              },
              {
                "endpoint": "grafana-source",
                "name": "loki",
                "offer_url": null
              }
            ],
            "id": "cos:loki:grafana-source:grafana:grafana-source",
            "model": "cos",
            "via": null
          },
          "sensitive_attributes": [],
          "dependencies": [
            "juju_model.cos",
            "juju_model.spark",
            "module.cos.juju_application.grafana",
            "module.cos.juju_application.loki"
          ]
        }
      ]
    },
    {
      "module": "module.cos",
      "mode": "managed",
      "type": "juju_integration",
      "name": "grafana-prometheus-dashboard",
      "provider": "provider[\"registry.terraform.io/juju/juju\"]",
      "instances": [
        {
          "schema_version": 0,
          "attributes": {
            "application": [
              {
                "endpoint": "grafana-dashboard",
                "name": "grafana",
                "offer_url": null
              },
              {
                "endpoint": "grafana-dashboard",
                "name": "prometheus",
                "offer_url": null
              }
            ],
            "id": "cos:prometheus:grafana-dashboard:grafana:grafana-dashboard",
            "model": "cos",
            "via": null
          },
          "sensitive_attributes": [],
          "dependencies": [
            "juju_model.cos",
            "juju_model.spark",
            "module.cos.juju_application.grafana",
            "module.cos.juju_application.prometheus"
          ]
        }
      ]
    },
    {
      "module": "module.cos",
      "mode": "managed",
      "type": "juju_integration",
      "name": "grafana-prometheus-source",
      "provider": "provider[\"registry.terraform.io/juju/juju\"]",
      "instances": [
        {
          "schema_version": 0,
          "attributes": {
            "application": [
              {
                "endpoint": "grafana-source",
                "name": "grafana",
                "offer_url": null
              },
              {
                "endpoint": "grafana-source",
                "name": "prometheus",
                "offer_url": null
              }
            ],
            "id": "cos:prometheus:grafana-source:grafana:grafana-source",
            "model": "cos",
            "via": null
          },
          "sensitive_attributes": [],
          "dependencies": [
            "juju_model.cos",
            "juju_model.spark",
            "module.cos.juju_application.grafana",
            "module.cos.juju_application.prometheus"
          ]
        }
      ]
    },
    {
      "module": "module.cos",
      "mode": "managed",
      "type": "juju_integration",
      "name": "loki-alertmanager",
      "provider": "provider[\"registry.terraform.io/juju/juju\"]",
      "instances": [
        {
          "schema_version": 0,
          "attributes": {
            "application": [
              {
                "endpoint": "alerting",
                "name": "alertmanager",
                "offer_url": null
              },
              {
                "endpoint": "alertmanager",
                "name": "loki",
                "offer_url": null
              }
            ],
            "id": "cos:alertmanager:alerting:loki:alertmanager",
            "model": "cos",
            "via": null
          },
          "sensitive_attributes": [],
          "dependencies": [
            "juju_model.cos",
            "juju_model.spark",
            "module.cos.juju_application.alertmanager",
            "module.cos.juju_application.loki"
          ]
        }
      ]
    },
    {
      "module": "module.cos",
      "mode": "managed",
      "type": "juju_integration",
      "name": "prometheus-alertmanager-alerting",
      "provider": "provider[\"registry.terraform.io/juju/juju\"]",
      "instances": [
        {
          "schema_version": 0,
          "attributes": {
            "application": [
              {
                "endpoint": "alerting",
                "name": "alertmanager",
                "offer_url": null
              },
              {
                "endpoint": "alertmanager",
                "name": "prometheus",
                "offer_url": null
              }
            ],
            "id": "cos:alertmanager:alerting:prometheus:alertmanager",
            "model": "cos",
            "via": null
          },
          "sensitive_attributes": [],
          "dependencies": [
            "juju_model.cos",
            "juju_model.spark",
            "module.cos.juju_application.alertmanager",
            "module.cos.juju_application.prometheus"
          ]
        }
      ]
    },
    {
      "module": "module.cos",
      "mode": "managed",
      "type": "juju_integration",
      "name": "prometheus-alertmanager-metrics",
      "provider": "provider[\"registry.terraform.io/juju/juju\"]",
      "instances": [
        {
          "schema_version": 0,
          "attributes": {
            "application": [
              {
                "endpoint": "metrics-endpoint",
                "name": "prometheus",
                "offer_url": null
              },
              {
                "endpoint": "self-metrics-endpoint",
                "name": "alertmanager",
                "offer_url": null
              }
            ],
            "id": "cos:alertmanager:self-metrics-endpoint:prometheus:metrics-endpoint",
            "model": "cos",
            "via": null
          },
          "sensitive_attributes": [],
          "dependencies": [
            "juju_model.cos",
            "juju_model.spark",
            "module.cos.juju_application.alertmanager",
            "module.cos.juju_application.prometheus"
          ]
        }
      ]
    },
    {
      "module": "module.cos",
      "mode": "managed",
      "type": "juju_integration",
      "name": "prometheus-grafana",
      "provider": "provider[\"registry.terraform.io/juju/juju\"]",
      "instances": [
        {
          "schema_version": 0,
          "attributes": {
            "application": [
              {
                "endpoint": "metrics-endpoint",
                "name": "grafana",
                "offer_url": null
              },
              {
                "endpoint": "metrics-endpoint",
                "name": "prometheus",
                "offer_url": null
              }
            ],
            "id": "cos:grafana:metrics-endpoint:prometheus:metrics-endpoint",
            "model": "cos",
            "via": null
          },
          "sensitive_attributes": [],
          "dependencies": [
            "juju_model.cos",
            "juju_model.spark",
            "module.cos.juju_application.grafana",
            "module.cos.juju_application.prometheus"
          ]
        }
      ]
    },
    {
      "module": "module.cos",
      "mode": "managed",
      "type": "juju_integration",
      "name": "prometheus-loki",
      "provider": "provider[\"registry.terraform.io/juju/juju\"]",
      "instances": [
        {
          "schema_version": 0,
          "attributes": {
            "application": [
              {
                "endpoint": "metrics-endpoint",
                "name": "loki",
                "offer_url": null
              },
              {
                "endpoint": "metrics-endpoint",
                "name": "prometheus",
                "offer_url": null
              }
            ],
            "id": "cos:loki:metrics-endpoint:prometheus:metrics-endpoint",
            "model": "cos",
            "via": null
          },
          "sensitive_attributes": [],
          "dependencies": [
            "juju_model.cos",
            "juju_model.spark",
            "module.cos.juju_application.loki",
            "module.cos.juju_application.prometheus"
          ]
        }
      ]
    },
    {
      "module": "module.cos",
      "mode": "managed",
      "type": "juju_integration",
      "name": "prometheus-traefik",
      "provider": "provider[\"registry.terraform.io/juju/juju\"]",
      "instances": [
        {
          "schema_version": 0,
          "attributes": {
            "application": [
              {
                "endpoint": "metrics-endpoint",
                "name": "prometheus",
                "offer_url": null
              },
              {
                "endpoint": "metrics-endpoint",
                "name": "traefik",
                "offer_url": null
              }
            ],
            "id": "cos:traefik:metrics-endpoint:prometheus:metrics-endpoint",
            "model": "cos",
            "via": null
          },
          "sensitive_attributes": [],
          "dependencies": [
            "juju_model.cos",
            "juju_model.spark",
            "module.cos.juju_application.prometheus",
            "module.cos.juju_application.traefik"
          ]
        }
      ]
    },
    {
      "module": "module.cos",
      "mode": "managed",
      "type": "juju_integration",
      "name": "traefik-grafana",
      "provider": "provider[\"registry.terraform.io/juju/juju\"]",
      "instances": [
        {
          "schema_version": 0,
          "attributes": {
            "application": [
              {
                "endpoint": "ingress",
                "name": "grafana",
                "offer_url": null
              },
              {
                "endpoint": "traefik-route",
                "name": "traefik",
                "offer_url": null
              }
            ],
            "id": "cos:traefik:traefik-route:grafana:ingress",
            "model": "cos",
            "via": null
          },
          "sensitive_attributes": [],
          "dependencies": [
            "juju_model.cos",
            "juju_model.spark",
            "module.cos.juju_application.grafana",
            "module.cos.juju_application.traefik"
          ]
        }
      ]
    },
    {
      "module": "module.cos",
      "mode": "managed",
      "type": "juju_offer",
      "name": "grafana-dashboards",
      "provider": "provider[\"registry.terraform.io/juju/juju\"]",
      "instances": [
        {
          "schema_version": 0,
          "attributes": {
            "application_name": "grafana",
            "endpoint": "grafana-dashboard",
            "id": "admin/cos.grafana",
            "model": "cos",
            "name": "grafana",
            "url": "admin/cos.grafana"
          },
          "sensitive_attributes": [],
          "dependencies": [
            "juju_model.cos",
            "juju_model.spark",
            "module.cos.juju_application.grafana"
          ]
        }
      ]
    },
    {
      "module": "module.cos",
      "mode": "managed",
      "type": "juju_offer",
      "name": "prometheus-receive-remote-write",
      "provider": "provider[\"registry.terraform.io/juju/juju\"]",
      "instances": [
        {
          "schema_version": 0,
          "attributes": {
            "application_name": "prometheus",
            "endpoint": "receive-remote-write",
            "id": "admin/cos.prometheus",
            "model": "cos",
            "name": "prometheus",
            "url": "admin/cos.prometheus"
          },
          "sensitive_attributes": [],
          "dependencies": [
            "juju_model.cos",
            "juju_model.spark",
            "module.cos.juju_application.prometheus"
          ]
        }
      ]
    },
    {
      "module": "module.spark",
      "mode": "data",
      "type": "juju_model",
      "name": "spark",
      "provider": "provider[\"registry.terraform.io/juju/juju\"]",
      "instances": [
        {
          "schema_version": 0,
          "attributes": {
            "id": "b432471c-8c33-46db-8486-249ca6e7bbf3",
            "name": "spark",
            "uuid": "b432471c-8c33-46db-8486-249ca6e7bbf3"
          },
          "sensitive_attributes": []
        }
      ]
    },
    {
      "module": "module.spark.module.azure",
      "mode": "managed",
      "type": "juju_access_secret",
      "name": "azure_blob_storage_secret_access",
      "provider": "provider[\"registry.terraform.io/juju/juju\"]",
      "instances": [
        {
          "schema_version": 0,
          "attributes": {
            "applications": [
              "azure-storage"
            ],
            "id": "spark:csdkn2nmp25c77p3p760",
            "model": "spark",
            "secret_id": "csdkn2nmp25c77p3p760"
          },
          "sensitive_attributes": [],
          "dependencies": [
            "juju_model.cos",
            "juju_model.spark",
            "module.cos.juju_application.alertmanager",
            "module.cos.juju_application.catalogue",
            "module.cos.juju_application.grafana",
            "module.cos.juju_application.loki",
            "module.cos.juju_application.prometheus",
            "module.cos.juju_application.traefik",
            "module.cos.juju_integration.catalogue-alertmanager",
            "module.cos.juju_integration.catalogue-grafana",
            "module.cos.juju_integration.catalogue-prometheus",
            "module.cos.juju_integration.catalogue-traefik",
            "module.cos.juju_integration.grafana-alertmanager-dashboard",
            "module.cos.juju_integration.grafana-alertmanager-source",
            "module.cos.juju_integration.grafana-loki-dashboard",
            "module.cos.juju_integration.grafana-loki-source",
            "module.cos.juju_integration.grafana-prometheus-dashboard",
            "module.cos.juju_integration.grafana-prometheus-source",
            "module.cos.juju_integration.loki-alertmanager",
            "module.cos.juju_integration.prometheus-alertmanager-alerting",
            "module.cos.juju_integration.prometheus-alertmanager-metrics",
            "module.cos.juju_integration.prometheus-grafana",
            "module.cos.juju_integration.prometheus-loki",
            "module.cos.juju_integration.prometheus-traefik",
            "module.cos.juju_integration.traefik-grafana",
            "module.cos.juju_offer.grafana-dashboards",
            "module.cos.juju_offer.prometheus-receive-remote-write",
            "module.spark.data.juju_model.spark",
            "module.spark.module.azure.juju_application.azure_storage",
            "module.spark.module.azure.juju_secret.azure_blob_storage_secret"
          ]
        }
      ]
    },
    {
      "module": "module.spark.module.azure",
      "mode": "managed",
      "type": "juju_application",
      "name": "azure_storage",
      "provider": "provider[\"registry.terraform.io/juju/juju\"]",
      "instances": [
        {
          "schema_version": 0,
          "attributes": {
            "charm": [
              {
                "base": "ubuntu@22.04",
                "channel": "latest/edge",
                "name": "azure-storage-integrator",
                "revision": 1,
                "series": "jammy"
              }
            ],
            "config": {
              "connection-protocol": "abfss",
              "container": "dev",
              "credentials": "csdkn2nmp25c77p3p760",
              "path": "spark-events",
              "storage-account": "charmedsparkstorage"
            },
            "constraints": "arch=amd64",
            "endpoint_bindings": null,
            "expose": [],
            "id": "spark:azure-storage",
            "model": "spark",
            "name": "azure-storage",
            "placement": "",
            "principal": null,
            "resources": null,
            "storage": null,
            "storage_directives": null,
            "trust": false,
            "units": 1
          },
          "sensitive_attributes": [],
          "dependencies": [
            "juju_model.cos",
            "juju_model.spark",
            "module.cos.juju_application.alertmanager",
            "module.cos.juju_application.catalogue",
            "module.cos.juju_application.grafana",
            "module.cos.juju_application.loki",
            "module.cos.juju_application.prometheus",
            "module.cos.juju_application.traefik",
            "module.cos.juju_integration.catalogue-alertmanager",
            "module.cos.juju_integration.catalogue-grafana",
            "module.cos.juju_integration.catalogue-prometheus",
            "module.cos.juju_integration.catalogue-traefik",
            "module.cos.juju_integration.grafana-alertmanager-dashboard",
            "module.cos.juju_integration.grafana-alertmanager-source",
            "module.cos.juju_integration.grafana-loki-dashboard",
            "module.cos.juju_integration.grafana-loki-source",
            "module.cos.juju_integration.grafana-prometheus-dashboard",
            "module.cos.juju_integration.grafana-prometheus-source",
            "module.cos.juju_integration.loki-alertmanager",
            "module.cos.juju_integration.prometheus-alertmanager-alerting",
            "module.cos.juju_integration.prometheus-alertmanager-metrics",
            "module.cos.juju_integration.prometheus-grafana",
            "module.cos.juju_integration.prometheus-loki",
            "module.cos.juju_integration.prometheus-traefik",
            "module.cos.juju_integration.traefik-grafana",
            "module.cos.juju_offer.grafana-dashboards",
            "module.cos.juju_offer.prometheus-receive-remote-write",
            "module.spark.data.juju_model.spark",
            "module.spark.module.azure.juju_secret.azure_blob_storage_secret"
          ]
        }
      ]
    },
    {
      "module": "module.spark.module.azure",
      "mode": "managed",
      "type": "juju_integration",
      "name": "azure_hub",
      "provider": "provider[\"registry.terraform.io/juju/juju\"]",
      "instances": [
        {
          "schema_version": 0,
          "attributes": {
            "application": [
              {
                "endpoint": "azure-credentials",
                "name": "azure-storage",
                "offer_url": null
              },
              {
                "endpoint": "azure-credentials",
                "name": "integration-hub",
                "offer_url": null
              }
            ],
            "id": "spark:azure-storage:azure-credentials:integration-hub:azure-credentials",
            "model": "spark",
            "via": null
          },
          "sensitive_attributes": [],
          "dependencies": [
            "juju_model.cos",
            "juju_model.spark",
            "module.cos.juju_application.alertmanager",
            "module.cos.juju_application.catalogue",
            "module.cos.juju_application.grafana",
            "module.cos.juju_application.loki",
            "module.cos.juju_application.prometheus",
            "module.cos.juju_application.traefik",
            "module.cos.juju_integration.catalogue-alertmanager",
            "module.cos.juju_integration.catalogue-grafana",
            "module.cos.juju_integration.catalogue-prometheus",
            "module.cos.juju_integration.catalogue-traefik",
            "module.cos.juju_integration.grafana-alertmanager-dashboard",
            "module.cos.juju_integration.grafana-alertmanager-source",
            "module.cos.juju_integration.grafana-loki-dashboard",
            "module.cos.juju_integration.grafana-loki-source",
            "module.cos.juju_integration.grafana-prometheus-dashboard",
            "module.cos.juju_integration.grafana-prometheus-source",
            "module.cos.juju_integration.loki-alertmanager",
            "module.cos.juju_integration.prometheus-alertmanager-alerting",
            "module.cos.juju_integration.prometheus-alertmanager-metrics",
            "module.cos.juju_integration.prometheus-grafana",
            "module.cos.juju_integration.prometheus-loki",
            "module.cos.juju_integration.prometheus-traefik",
            "module.cos.juju_integration.traefik-grafana",
            "module.cos.juju_offer.grafana-dashboards",
            "module.cos.juju_offer.prometheus-receive-remote-write",
            "module.spark.data.juju_model.spark",
            "module.spark.module.azure.juju_application.azure_storage",
            "module.spark.module.azure.juju_secret.azure_blob_storage_secret",
            "module.spark.module.base.juju_application.history_server",
            "module.spark.module.base.juju_application.hub",
            "module.spark.module.base.juju_application.kyuubi",
            "module.spark.module.base.juju_application.kyuubi_users",
            "module.spark.module.base.juju_application.metastore"
          ]
        }
      ]
    },
    {
      "module": "module.spark.module.azure",
      "mode": "managed",
      "type": "juju_integration",
      "name": "history_server_azure",
      "provider": "provider[\"registry.terraform.io/juju/juju\"]",
      "instances": [
        {
          "schema_version": 0,
          "attributes": {
            "application": [
              {
                "endpoint": "azure-credentials",
                "name": "azure-storage",
                "offer_url": null
              },
              {
                "endpoint": "azure-credentials",
                "name": "history-server",
                "offer_url": null
              }
            ],
            "id": "spark:azure-storage:azure-credentials:history-server:azure-credentials",
            "model": "spark",
            "via": null
          },
          "sensitive_attributes": [],
          "dependencies": [
            "juju_model.cos",
            "juju_model.spark",
            "module.cos.juju_application.alertmanager",
            "module.cos.juju_application.catalogue",
            "module.cos.juju_application.grafana",
            "module.cos.juju_application.loki",
            "module.cos.juju_application.prometheus",
            "module.cos.juju_application.traefik",
            "module.cos.juju_integration.catalogue-alertmanager",
            "module.cos.juju_integration.catalogue-grafana",
            "module.cos.juju_integration.catalogue-prometheus",
            "module.cos.juju_integration.catalogue-traefik",
            "module.cos.juju_integration.grafana-alertmanager-dashboard",
            "module.cos.juju_integration.grafana-alertmanager-source",
            "module.cos.juju_integration.grafana-loki-dashboard",
            "module.cos.juju_integration.grafana-loki-source",
            "module.cos.juju_integration.grafana-prometheus-dashboard",
            "module.cos.juju_integration.grafana-prometheus-source",
            "module.cos.juju_integration.loki-alertmanager",
            "module.cos.juju_integration.prometheus-alertmanager-alerting",
            "module.cos.juju_integration.prometheus-alertmanager-metrics",
            "module.cos.juju_integration.prometheus-grafana",
            "module.cos.juju_integration.prometheus-loki",
            "module.cos.juju_integration.prometheus-traefik",
            "module.cos.juju_integration.traefik-grafana",
            "module.cos.juju_offer.grafana-dashboards",
            "module.cos.juju_offer.prometheus-receive-remote-write",
            "module.spark.data.juju_model.spark",
            "module.spark.module.azure.juju_application.azure_storage",
            "module.spark.module.azure.juju_secret.azure_blob_storage_secret",
            "module.spark.module.base.juju_application.history_server",
            "module.spark.module.base.juju_application.hub",
            "module.spark.module.base.juju_application.kyuubi",
            "module.spark.module.base.juju_application.kyuubi_users",
            "module.spark.module.base.juju_application.metastore"
          ]
        }
      ]
    },
    {
      "module": "module.spark.module.azure",
      "mode": "managed",
      "type": "juju_secret",
      "name": "azure_blob_storage_secret",
      "provider": "provider[\"registry.terraform.io/juju/juju\"]",
      "instances": [
        {
          "schema_version": 0,
          "attributes": {
            "id": "spark:csdkn2nmp25c77p3p760",
            "info": "This is the secret key for the Azure storage account",
            "model": "spark",
            "name": "azure_blob_storage_secret",
            "secret_id": "csdkn2nmp25c77p3p760",
            "value": {
              "secret-key": "gfdahaheahaehr"
            }
          },
          "sensitive_attributes": [
            [
              {
                "type": "get_attr",
                "value": "value"
              }
            ]
          ],
          "dependencies": [
            "juju_model.cos",
            "juju_model.spark",
            "module.cos.juju_application.alertmanager",
            "module.cos.juju_application.catalogue",
            "module.cos.juju_application.grafana",
            "module.cos.juju_application.loki",
            "module.cos.juju_application.prometheus",
            "module.cos.juju_application.traefik",
            "module.cos.juju_integration.catalogue-alertmanager",
            "module.cos.juju_integration.catalogue-grafana",
            "module.cos.juju_integration.catalogue-prometheus",
            "module.cos.juju_integration.catalogue-traefik",
            "module.cos.juju_integration.grafana-alertmanager-dashboard",
            "module.cos.juju_integration.grafana-alertmanager-source",
            "module.cos.juju_integration.grafana-loki-dashboard",
            "module.cos.juju_integration.grafana-loki-source",
            "module.cos.juju_integration.grafana-prometheus-dashboard",
            "module.cos.juju_integration.grafana-prometheus-source",
            "module.cos.juju_integration.loki-alertmanager",
            "module.cos.juju_integration.prometheus-alertmanager-alerting",
            "module.cos.juju_integration.prometheus-alertmanager-metrics",
            "module.cos.juju_integration.prometheus-grafana",
            "module.cos.juju_integration.prometheus-loki",
            "module.cos.juju_integration.prometheus-traefik",
            "module.cos.juju_integration.traefik-grafana",
            "module.cos.juju_offer.grafana-dashboards",
            "module.cos.juju_offer.prometheus-receive-remote-write",
            "module.spark.data.juju_model.spark"
          ]
        }
      ]
    },
    {
      "module": "module.spark.module.base",
      "mode": "managed",
      "type": "juju_application",
      "name": "history_server",
      "provider": "provider[\"registry.terraform.io/juju/juju\"]",
      "instances": [
        {
          "schema_version": 0,
          "attributes": {
            "charm": [
              {
                "base": "ubuntu@22.04",
                "channel": "3.4/edge",
                "name": "spark-history-server-k8s",
                "revision": 30,
                "series": "jammy"
              }
            ],
            "config": null,
            "constraints": "arch=amd64",
            "endpoint_bindings": null,
            "expose": [],
            "id": "spark:history-server",
            "model": "spark",
            "name": "history-server",
            "placement": "",
            "principal": null,
            "resources": {
              "spark-history-server-image": "17"
            },
            "storage": null,
            "storage_directives": null,
            "trust": false,
            "units": 1
          },
          "sensitive_attributes": [],
          "dependencies": [
            "juju_model.cos",
            "juju_model.spark",
            "module.cos.juju_application.alertmanager",
            "module.cos.juju_application.catalogue",
            "module.cos.juju_application.grafana",
            "module.cos.juju_application.loki",
            "module.cos.juju_application.prometheus",
            "module.cos.juju_application.traefik",
            "module.cos.juju_integration.catalogue-alertmanager",
            "module.cos.juju_integration.catalogue-grafana",
            "module.cos.juju_integration.catalogue-prometheus",
            "module.cos.juju_integration.catalogue-traefik",
            "module.cos.juju_integration.grafana-alertmanager-dashboard",
            "module.cos.juju_integration.grafana-alertmanager-source",
            "module.cos.juju_integration.grafana-loki-dashboard",
            "module.cos.juju_integration.grafana-loki-source",
            "module.cos.juju_integration.grafana-prometheus-dashboard",
            "module.cos.juju_integration.grafana-prometheus-source",
            "module.cos.juju_integration.loki-alertmanager",
            "module.cos.juju_integration.prometheus-alertmanager-alerting",
            "module.cos.juju_integration.prometheus-alertmanager-metrics",
            "module.cos.juju_integration.prometheus-grafana",
            "module.cos.juju_integration.prometheus-loki",
            "module.cos.juju_integration.prometheus-traefik",
            "module.cos.juju_integration.traefik-grafana",
            "module.cos.juju_offer.grafana-dashboards",
            "module.cos.juju_offer.prometheus-receive-remote-write",
            "module.spark.data.juju_model.spark"
          ]
        }
      ]
    },
    {
      "module": "module.spark.module.base",
      "mode": "managed",
      "type": "juju_application",
      "name": "hub",
      "provider": "provider[\"registry.terraform.io/juju/juju\"]",
      "instances": [
        {
          "schema_version": 0,
          "attributes": {
            "charm": [
              {
                "base": "ubuntu@22.04",
                "channel": "latest/edge",
                "name": "spark-integration-hub-k8s",
                "revision": 20,
                "series": "jammy"
              }
            ],
            "config": null,
            "constraints": "arch=amd64",
            "endpoint_bindings": null,
            "expose": [],
            "id": "spark:integration-hub",
            "model": "spark",
            "name": "integration-hub",
            "placement": "",
            "principal": null,
            "resources": {
              "integration-hub-image": "3"
            },
            "storage": null,
            "storage_directives": null,
            "trust": true,
            "units": 1
          },
          "sensitive_attributes": [],
          "dependencies": [
            "juju_model.cos",
            "juju_model.spark",
            "module.cos.juju_application.alertmanager",
            "module.cos.juju_application.catalogue",
            "module.cos.juju_application.grafana",
            "module.cos.juju_application.loki",
            "module.cos.juju_application.prometheus",
            "module.cos.juju_application.traefik",
            "module.cos.juju_integration.catalogue-alertmanager",
            "module.cos.juju_integration.catalogue-grafana",
            "module.cos.juju_integration.catalogue-prometheus",
            "module.cos.juju_integration.catalogue-traefik",
            "module.cos.juju_integration.grafana-alertmanager-dashboard",
            "module.cos.juju_integration.grafana-alertmanager-source",
            "module.cos.juju_integration.grafana-loki-dashboard",
            "module.cos.juju_integration.grafana-loki-source",
            "module.cos.juju_integration.grafana-prometheus-dashboard",
            "module.cos.juju_integration.grafana-prometheus-source",
            "module.cos.juju_integration.loki-alertmanager",
            "module.cos.juju_integration.prometheus-alertmanager-alerting",
            "module.cos.juju_integration.prometheus-alertmanager-metrics",
            "module.cos.juju_integration.prometheus-grafana",
            "module.cos.juju_integration.prometheus-loki",
            "module.cos.juju_integration.prometheus-traefik",
            "module.cos.juju_integration.traefik-grafana",
            "module.cos.juju_offer.grafana-dashboards",
            "module.cos.juju_offer.prometheus-receive-remote-write",
            "module.spark.data.juju_model.spark"
          ]
        }
      ]
    },
    {
      "module": "module.spark.module.base",
      "mode": "managed",
      "type": "juju_application",
      "name": "kyuubi",
      "provider": "provider[\"registry.terraform.io/juju/juju\"]",
      "instances": [
        {
          "schema_version": 0,
          "attributes": {
            "charm": [
              {
                "base": "ubuntu@22.04",
                "channel": "latest/edge",
                "name": "kyuubi-k8s",
                "revision": 27,
                "series": "jammy"
              }
            ],
            "config": {
              "namespace": "spark",
              "service-account": "kyuubi-spark-engine"
            },
            "constraints": "arch=amd64",
            "endpoint_bindings": null,
            "expose": [],
            "id": "spark:kyuubi",
            "model": "spark",
            "name": "kyuubi",
            "placement": "",
            "principal": null,
            "resources": {
              "kyuubi-image": "3"
            },
            "storage": null,
            "storage_directives": null,
            "trust": true,
            "units": 1
          },
          "sensitive_attributes": [],
          "dependencies": [
            "juju_model.cos",
            "juju_model.spark",
            "module.cos.juju_application.alertmanager",
            "module.cos.juju_application.catalogue",
            "module.cos.juju_application.grafana",
            "module.cos.juju_application.loki",
            "module.cos.juju_application.prometheus",
            "module.cos.juju_application.traefik",
            "module.cos.juju_integration.catalogue-alertmanager",
            "module.cos.juju_integration.catalogue-grafana",
            "module.cos.juju_integration.catalogue-prometheus",
            "module.cos.juju_integration.catalogue-traefik",
            "module.cos.juju_integration.grafana-alertmanager-dashboard",
            "module.cos.juju_integration.grafana-alertmanager-source",
            "module.cos.juju_integration.grafana-loki-dashboard",
            "module.cos.juju_integration.grafana-loki-source",
            "module.cos.juju_integration.grafana-prometheus-dashboard",
            "module.cos.juju_integration.grafana-prometheus-source",
            "module.cos.juju_integration.loki-alertmanager",
            "module.cos.juju_integration.prometheus-alertmanager-alerting",
            "module.cos.juju_integration.prometheus-alertmanager-metrics",
            "module.cos.juju_integration.prometheus-grafana",
            "module.cos.juju_integration.prometheus-loki",
            "module.cos.juju_integration.prometheus-traefik",
            "module.cos.juju_integration.traefik-grafana",
            "module.cos.juju_offer.grafana-dashboards",
            "module.cos.juju_offer.prometheus-receive-remote-write",
            "module.spark.data.juju_model.spark"
          ]
        }
      ]
    },
    {
      "module": "module.spark.module.base",
      "mode": "managed",
      "type": "juju_application",
      "name": "kyuubi_users",
      "provider": "provider[\"registry.terraform.io/juju/juju\"]",
      "instances": [
        {
          "schema_version": 0,
          "attributes": {
            "charm": [
              {
                "base": "ubuntu@22.04",
                "channel": "14/stable",
                "name": "postgresql-k8s",
                "revision": 281,
                "series": "jammy"
              }
            ],
            "config": null,
            "constraints": "arch=amd64",
            "endpoint_bindings": null,
            "expose": [],
            "id": "spark:kyuubi-users",
            "model": "spark",
            "name": "kyuubi-users",
            "placement": "",
            "principal": null,
            "resources": {
              "postgresql-image": "159"
            },
            "storage": [
              {
                "count": 1,
                "label": "pgdata-4",
                "pool": "kubernetes",
                "size": "1G"
              }
            ],
            "storage_directives": null,
            "trust": true,
            "units": 1
          },
          "sensitive_attributes": [],
          "dependencies": [
            "juju_model.cos",
            "juju_model.spark",
            "module.cos.juju_application.alertmanager",
            "module.cos.juju_application.catalogue",
            "module.cos.juju_application.grafana",
            "module.cos.juju_application.loki",
            "module.cos.juju_application.prometheus",
            "module.cos.juju_application.traefik",
            "module.cos.juju_integration.catalogue-alertmanager",
            "module.cos.juju_integration.catalogue-grafana",
            "module.cos.juju_integration.catalogue-prometheus",
            "module.cos.juju_integration.catalogue-traefik",
            "module.cos.juju_integration.grafana-alertmanager-dashboard",
            "module.cos.juju_integration.grafana-alertmanager-source",
            "module.cos.juju_integration.grafana-loki-dashboard",
            "module.cos.juju_integration.grafana-loki-source",
            "module.cos.juju_integration.grafana-prometheus-dashboard",
            "module.cos.juju_integration.grafana-prometheus-source",
            "module.cos.juju_integration.loki-alertmanager",
            "module.cos.juju_integration.prometheus-alertmanager-alerting",
            "module.cos.juju_integration.prometheus-alertmanager-metrics",
            "module.cos.juju_integration.prometheus-grafana",
            "module.cos.juju_integration.prometheus-loki",
            "module.cos.juju_integration.prometheus-traefik",
            "module.cos.juju_integration.traefik-grafana",
            "module.cos.juju_offer.grafana-dashboards",
            "module.cos.juju_offer.prometheus-receive-remote-write",
            "module.spark.data.juju_model.spark"
          ]
        }
      ]
    },
    {
      "module": "module.spark.module.base",
      "mode": "managed",
      "type": "juju_application",
      "name": "metastore",
      "provider": "provider[\"registry.terraform.io/juju/juju\"]",
      "instances": [
        {
          "schema_version": 0,
          "attributes": {
            "charm": [
              {
                "base": "ubuntu@22.04",
                "channel": "14/stable",
                "name": "postgresql-k8s",
                "revision": 281,
                "series": "jammy"
              }
            ],
            "config": null,
            "constraints": "arch=amd64",
            "endpoint_bindings": null,
            "expose": [],
            "id": "spark:metastore",
            "model": "spark",
            "name": "metastore",
            "placement": "",
            "principal": null,
            "resources": {
              "postgresql-image": "159"
            },
            "storage": [
              {
                "count": 1,
                "label": "pgdata-5",
                "pool": "kubernetes",
                "size": "1G"
              }
            ],
            "storage_directives": null,
            "trust": true,
            "units": 1
          },
          "sensitive_attributes": [],
          "dependencies": [
            "juju_model.cos",
            "juju_model.spark",
            "module.cos.juju_application.alertmanager",
            "module.cos.juju_application.catalogue",
            "module.cos.juju_application.grafana",
            "module.cos.juju_application.loki",
            "module.cos.juju_application.prometheus",
            "module.cos.juju_application.traefik",
            "module.cos.juju_integration.catalogue-alertmanager",
            "module.cos.juju_integration.catalogue-grafana",
            "module.cos.juju_integration.catalogue-prometheus",
            "module.cos.juju_integration.catalogue-traefik",
            "module.cos.juju_integration.grafana-alertmanager-dashboard",
            "module.cos.juju_integration.grafana-alertmanager-source",
            "module.cos.juju_integration.grafana-loki-dashboard",
            "module.cos.juju_integration.grafana-loki-source",
            "module.cos.juju_integration.grafana-prometheus-dashboard",
            "module.cos.juju_integration.grafana-prometheus-source",
            "module.cos.juju_integration.loki-alertmanager",
            "module.cos.juju_integration.prometheus-alertmanager-alerting",
            "module.cos.juju_integration.prometheus-alertmanager-metrics",
            "module.cos.juju_integration.prometheus-grafana",
            "module.cos.juju_integration.prometheus-loki",
            "module.cos.juju_integration.prometheus-traefik",
            "module.cos.juju_integration.traefik-grafana",
            "module.cos.juju_offer.grafana-dashboards",
            "module.cos.juju_offer.prometheus-receive-remote-write",
            "module.spark.data.juju_model.spark"
          ]
        }
      ]
    },
    {
      "module": "module.spark.module.base",
      "mode": "managed",
      "type": "juju_integration",
      "name": "kyuubi_metastore",
      "provider": "provider[\"registry.terraform.io/juju/juju\"]",
      "instances": [
        {
          "schema_version": 0,
          "attributes": {
            "application": [
              {
                "endpoint": "database",
                "name": "metastore",
                "offer_url": null
              },
              {
                "endpoint": "metastore-db",
                "name": "kyuubi",
                "offer_url": null
              }
            ],
            "id": "spark:metastore:database:kyuubi:metastore-db",
            "model": "spark",
            "via": null
          },
          "sensitive_attributes": [],
          "dependencies": [
            "juju_model.cos",
            "juju_model.spark",
            "module.cos.juju_application.alertmanager",
            "module.cos.juju_application.catalogue",
            "module.cos.juju_application.grafana",
            "module.cos.juju_application.loki",
            "module.cos.juju_application.prometheus",
            "module.cos.juju_application.traefik",
            "module.cos.juju_integration.catalogue-alertmanager",
            "module.cos.juju_integration.catalogue-grafana",
            "module.cos.juju_integration.catalogue-prometheus",
            "module.cos.juju_integration.catalogue-traefik",
            "module.cos.juju_integration.grafana-alertmanager-dashboard",
            "module.cos.juju_integration.grafana-alertmanager-source",
            "module.cos.juju_integration.grafana-loki-dashboard",
            "module.cos.juju_integration.grafana-loki-source",
            "module.cos.juju_integration.grafana-prometheus-dashboard",
            "module.cos.juju_integration.grafana-prometheus-source",
            "module.cos.juju_integration.loki-alertmanager",
            "module.cos.juju_integration.prometheus-alertmanager-alerting",
            "module.cos.juju_integration.prometheus-alertmanager-metrics",
            "module.cos.juju_integration.prometheus-grafana",
            "module.cos.juju_integration.prometheus-loki",
            "module.cos.juju_integration.prometheus-traefik",
            "module.cos.juju_integration.traefik-grafana",
            "module.cos.juju_offer.grafana-dashboards",
            "module.cos.juju_offer.prometheus-receive-remote-write",
            "module.spark.data.juju_model.spark",
            "module.spark.module.base.juju_application.kyuubi",
            "module.spark.module.base.juju_application.metastore"
          ]
        }
      ]
    },
    {
      "module": "module.spark.module.base",
      "mode": "managed",
      "type": "juju_integration",
      "name": "kyuubi_service_account",
      "provider": "provider[\"registry.terraform.io/juju/juju\"]",
      "instances": [
        {
          "schema_version": 0,
          "attributes": {
            "application": [
              {
                "endpoint": "spark-service-account",
                "name": "integration-hub",
                "offer_url": null
              },
              {
                "endpoint": "spark-service-account",
                "name": "kyuubi",
                "offer_url": null
              }
            ],
            "id": "spark:integration-hub:spark-service-account:kyuubi:spark-service-account",
            "model": "spark",
            "via": null
          },
          "sensitive_attributes": [],
          "dependencies": [
            "juju_model.cos",
            "juju_model.spark",
            "module.cos.juju_application.alertmanager",
            "module.cos.juju_application.catalogue",
            "module.cos.juju_application.grafana",
            "module.cos.juju_application.loki",
            "module.cos.juju_application.prometheus",
            "module.cos.juju_application.traefik",
            "module.cos.juju_integration.catalogue-alertmanager",
            "module.cos.juju_integration.catalogue-grafana",
            "module.cos.juju_integration.catalogue-prometheus",
            "module.cos.juju_integration.catalogue-traefik",
            "module.cos.juju_integration.grafana-alertmanager-dashboard",
            "module.cos.juju_integration.grafana-alertmanager-source",
            "module.cos.juju_integration.grafana-loki-dashboard",
            "module.cos.juju_integration.grafana-loki-source",
            "module.cos.juju_integration.grafana-prometheus-dashboard",
            "module.cos.juju_integration.grafana-prometheus-source",
            "module.cos.juju_integration.loki-alertmanager",
            "module.cos.juju_integration.prometheus-alertmanager-alerting",
            "module.cos.juju_integration.prometheus-alertmanager-metrics",
            "module.cos.juju_integration.prometheus-grafana",
            "module.cos.juju_integration.prometheus-loki",
            "module.cos.juju_integration.prometheus-traefik",
            "module.cos.juju_integration.traefik-grafana",
            "module.cos.juju_offer.grafana-dashboards",
            "module.cos.juju_offer.prometheus-receive-remote-write",
            "module.spark.data.juju_model.spark",
            "module.spark.module.base.juju_application.hub",
            "module.spark.module.base.juju_application.kyuubi"
          ]
        }
      ]
    },
    {
      "module": "module.spark.module.base",
      "mode": "managed",
      "type": "juju_integration",
      "name": "kyuubi_users",
      "provider": "provider[\"registry.terraform.io/juju/juju\"]",
      "instances": [
        {
          "schema_version": 0,
          "attributes": {
            "application": [
              {
                "endpoint": "auth-db",
                "name": "kyuubi",
                "offer_url": null
              },
              {
                "endpoint": "database",
                "name": "kyuubi-users",
                "offer_url": null
              }
            ],
            "id": "spark:kyuubi-users:database:kyuubi:auth-db",
            "model": "spark",
            "via": null
          },
          "sensitive_attributes": [],
          "dependencies": [
            "juju_model.cos",
            "juju_model.spark",
            "module.cos.juju_application.alertmanager",
            "module.cos.juju_application.catalogue",
            "module.cos.juju_application.grafana",
            "module.cos.juju_application.loki",
            "module.cos.juju_application.prometheus",
            "module.cos.juju_application.traefik",
            "module.cos.juju_integration.catalogue-alertmanager",
            "module.cos.juju_integration.catalogue-grafana",
            "module.cos.juju_integration.catalogue-prometheus",
            "module.cos.juju_integration.catalogue-traefik",
            "module.cos.juju_integration.grafana-alertmanager-dashboard",
            "module.cos.juju_integration.grafana-alertmanager-source",
            "module.cos.juju_integration.grafana-loki-dashboard",
            "module.cos.juju_integration.grafana-loki-source",
            "module.cos.juju_integration.grafana-prometheus-dashboard",
            "module.cos.juju_integration.grafana-prometheus-source",
            "module.cos.juju_integration.loki-alertmanager",
            "module.cos.juju_integration.prometheus-alertmanager-alerting",
            "module.cos.juju_integration.prometheus-alertmanager-metrics",
            "module.cos.juju_integration.prometheus-grafana",
            "module.cos.juju_integration.prometheus-loki",
            "module.cos.juju_integration.prometheus-traefik",
            "module.cos.juju_integration.traefik-grafana",
            "module.cos.juju_offer.grafana-dashboards",
            "module.cos.juju_offer.prometheus-receive-remote-write",
            "module.spark.data.juju_model.spark",
            "module.spark.module.base.juju_application.kyuubi",
            "module.spark.module.base.juju_application.kyuubi_users"
          ]
        }
      ]
    },
    {
      "module": "module.spark.module.observability[0]",
      "mode": "data",
      "type": "juju_offer",
      "name": "grafana_dashboards",
      "provider": "provider[\"registry.terraform.io/juju/juju\"]",
      "instances": [
        {
          "schema_version": 0,
          "attributes": {
            "application_name": "grafana",
            "endpoint": "grafana-dashboard",
            "id": "admin/cos.grafana",
            "model": "cos",
            "name": "grafana",
            "url": "admin/cos.grafana"
          },
          "sensitive_attributes": []
        }
      ]
    },
    {
      "module": "module.spark.module.observability[0]",
      "mode": "data",
      "type": "juju_offer",
      "name": "prometheus",
      "provider": "provider[\"registry.terraform.io/juju/juju\"]",
      "instances": [
        {
          "schema_version": 0,
          "attributes": {
            "application_name": "prometheus",
            "endpoint": "receive-remote-write",
            "id": "admin/cos.prometheus",
            "model": "cos",
            "name": "prometheus",
            "url": "admin/cos.prometheus"
          },
          "sensitive_attributes": []
        }
      ]
    },
    {
      "module": "module.spark.module.observability[0]",
      "mode": "managed",
      "type": "juju_application",
      "name": "agent",
      "provider": "provider[\"registry.terraform.io/juju/juju\"]",
      "instances": [
        {
          "schema_version": 0,
          "attributes": {
            "charm": [
              {
                "base": "ubuntu@22.04",
                "channel": "latest/stable",
                "name": "grafana-agent-k8s",
                "revision": 45,
                "series": "jammy"
              }
            ],
            "config": null,
            "constraints": "arch=amd64",
            "endpoint_bindings": null,
            "expose": [],
            "id": "spark:agent",
            "model": "spark",
            "name": "agent",
            "placement": "",
            "principal": null,
            "resources": {
              "agent-image": "42"
            },
            "storage": [
              {
                "count": 1,
                "label": "data-3",
                "pool": "kubernetes",
                "size": "1G"
              }
            ],
            "storage_directives": null,
            "trust": true,
            "units": 1
          },
          "sensitive_attributes": [],
          "dependencies": [
            "juju_model.cos",
            "juju_model.spark",
            "module.cos.juju_application.alertmanager",
            "module.cos.juju_application.catalogue",
            "module.cos.juju_application.grafana",
            "module.cos.juju_application.loki",
            "module.cos.juju_application.prometheus",
            "module.cos.juju_application.traefik",
            "module.cos.juju_integration.catalogue-alertmanager",
            "module.cos.juju_integration.catalogue-grafana",
            "module.cos.juju_integration.catalogue-prometheus",
            "module.cos.juju_integration.catalogue-traefik",
            "module.cos.juju_integration.grafana-alertmanager-dashboard",
            "module.cos.juju_integration.grafana-alertmanager-source",
            "module.cos.juju_integration.grafana-loki-dashboard",
            "module.cos.juju_integration.grafana-loki-source",
            "module.cos.juju_integration.grafana-prometheus-dashboard",
            "module.cos.juju_integration.grafana-prometheus-source",
            "module.cos.juju_integration.loki-alertmanager",
            "module.cos.juju_integration.prometheus-alertmanager-alerting",
            "module.cos.juju_integration.prometheus-alertmanager-metrics",
            "module.cos.juju_integration.prometheus-grafana",
            "module.cos.juju_integration.prometheus-loki",
            "module.cos.juju_integration.prometheus-traefik",
            "module.cos.juju_integration.traefik-grafana",
            "module.cos.juju_offer.grafana-dashboards",
            "module.cos.juju_offer.prometheus-receive-remote-write",
            "module.spark.data.juju_model.spark"
          ]
        }
      ]
    },
    {
      "module": "module.spark.module.observability[0]",
      "mode": "managed",
      "type": "juju_application",
      "name": "cos_configuration",
      "provider": "provider[\"registry.terraform.io/juju/juju\"]",
      "instances": [
        {
          "schema_version": 0,
          "attributes": {
            "charm": [
              {
                "base": "ubuntu@20.04",
                "channel": "latest/edge",
                "name": "cos-configuration-k8s",
                "revision": 61,
                "series": "focal"
              }
            ],
            "config": {
              "git_branch": "main",
              "git_depth": "1",
              "git_repo": "https://github.com/canonical/spark-k8s-bundle",
              "grafana_dashboards_path": "releases/3.4/resources/grafana/"
            },
            "constraints": "arch=amd64",
            "endpoint_bindings": null,
            "expose": [],
            "id": "spark:cos-configuration",
            "model": "spark",
            "name": "cos-configuration",
            "placement": "",
            "principal": null,
            "resources": {
              "git-sync-image": "34"
            },
            "storage": [
              {
                "count": 1,
                "label": "content-from-git-1",
                "pool": "kubernetes",
                "size": "1G"
              }
            ],
            "storage_directives": null,
            "trust": false,
            "units": 1
          },
          "sensitive_attributes": [],
          "dependencies": [
            "juju_model.cos",
            "juju_model.spark",
            "module.cos.juju_application.alertmanager",
            "module.cos.juju_application.catalogue",
            "module.cos.juju_application.grafana",
            "module.cos.juju_application.loki",
            "module.cos.juju_application.prometheus",
            "module.cos.juju_application.traefik",
            "module.cos.juju_integration.catalogue-alertmanager",
            "module.cos.juju_integration.catalogue-grafana",
            "module.cos.juju_integration.catalogue-prometheus",
            "module.cos.juju_integration.catalogue-traefik",
            "module.cos.juju_integration.grafana-alertmanager-dashboard",
            "module.cos.juju_integration.grafana-alertmanager-source",
            "module.cos.juju_integration.grafana-loki-dashboard",
            "module.cos.juju_integration.grafana-loki-source",
            "module.cos.juju_integration.grafana-prometheus-dashboard",
            "module.cos.juju_integration.grafana-prometheus-source",
            "module.cos.juju_integration.loki-alertmanager",
            "module.cos.juju_integration.prometheus-alertmanager-alerting",
            "module.cos.juju_integration.prometheus-alertmanager-metrics",
            "module.cos.juju_integration.prometheus-grafana",
            "module.cos.juju_integration.prometheus-loki",
            "module.cos.juju_integration.prometheus-traefik",
            "module.cos.juju_integration.traefik-grafana",
            "module.cos.juju_offer.grafana-dashboards",
            "module.cos.juju_offer.prometheus-receive-remote-write",
            "module.spark.data.juju_model.spark"
          ]
        }
      ]
    },
    {
      "module": "module.spark.module.observability[0]",
      "mode": "managed",
      "type": "juju_application",
      "name": "pushgateway",
      "provider": "provider[\"registry.terraform.io/juju/juju\"]",
      "instances": [
        {
          "schema_version": 0,
          "attributes": {
            "charm": [
              {
                "base": "ubuntu@22.04",
                "channel": "latest/stable",
                "name": "prometheus-pushgateway-k8s",
                "revision": 16,
                "series": "jammy"
              }
            ],
            "config": null,
            "constraints": "arch=amd64",
            "endpoint_bindings": null,
            "expose": [],
            "id": "spark:pushgateway",
            "model": "spark",
            "name": "pushgateway",
            "placement": "",
            "principal": null,
            "resources": {
              "pushgateway-image": "8"
            },
            "storage": [
              {
                "count": 1,
                "label": "pushgateway-store",
                "pool": "kubernetes",
                "size": "1G"
              }
            ],
            "storage_directives": null,
            "trust": false,
            "units": 1
          },
          "sensitive_attributes": [],
          "dependencies": [
            "juju_model.cos",
            "juju_model.spark",
            "module.cos.juju_application.alertmanager",
            "module.cos.juju_application.catalogue",
            "module.cos.juju_application.grafana",
            "module.cos.juju_application.loki",
            "module.cos.juju_application.prometheus",
            "module.cos.juju_application.traefik",
            "module.cos.juju_integration.catalogue-alertmanager",
            "module.cos.juju_integration.catalogue-grafana",
            "module.cos.juju_integration.catalogue-prometheus",
            "module.cos.juju_integration.catalogue-traefik",
            "module.cos.juju_integration.grafana-alertmanager-dashboard",
            "module.cos.juju_integration.grafana-alertmanager-source",
            "module.cos.juju_integration.grafana-loki-dashboard",
            "module.cos.juju_integration.grafana-loki-source",
            "module.cos.juju_integration.grafana-prometheus-dashboard",
            "module.cos.juju_integration.grafana-prometheus-source",
            "module.cos.juju_integration.loki-alertmanager",
            "module.cos.juju_integration.prometheus-alertmanager-alerting",
            "module.cos.juju_integration.prometheus-alertmanager-metrics",
            "module.cos.juju_integration.prometheus-grafana",
            "module.cos.juju_integration.prometheus-loki",
            "module.cos.juju_integration.prometheus-traefik",
            "module.cos.juju_integration.traefik-grafana",
            "module.cos.juju_offer.grafana-dashboards",
            "module.cos.juju_offer.prometheus-receive-remote-write",
            "module.spark.data.juju_model.spark"
          ]
        }
      ]
    },
    {
      "module": "module.spark.module.observability[0]",
      "mode": "managed",
      "type": "juju_application",
      "name": "scrape_config",
      "provider": "provider[\"registry.terraform.io/juju/juju\"]",
      "instances": [
        {
          "schema_version": 0,
          "attributes": {
            "charm": [
              {
                "base": "ubuntu@20.04",
                "channel": "latest/stable",
                "name": "prometheus-scrape-config-k8s",
                "revision": 51,
                "series": "focal"
              }
            ],
            "config": {
              "scrape_interval": "10s"
            },
            "constraints": "arch=amd64",
            "endpoint_bindings": null,
            "expose": [],
            "id": "spark:scrape-config",
            "model": "spark",
            "name": "scrape-config",
            "placement": "",
            "principal": null,
            "resources": null,
            "storage": null,
            "storage_directives": null,
            "trust": false,
            "units": 1
          },
          "sensitive_attributes": [],
          "dependencies": [
            "juju_model.cos",
            "juju_model.spark",
            "module.cos.juju_application.alertmanager",
            "module.cos.juju_application.catalogue",
            "module.cos.juju_application.grafana",
            "module.cos.juju_application.loki",
            "module.cos.juju_application.prometheus",
            "module.cos.juju_application.traefik",
            "module.cos.juju_integration.catalogue-alertmanager",
            "module.cos.juju_integration.catalogue-grafana",
            "module.cos.juju_integration.catalogue-prometheus",
            "module.cos.juju_integration.catalogue-traefik",
            "module.cos.juju_integration.grafana-alertmanager-dashboard",
            "module.cos.juju_integration.grafana-alertmanager-source",
            "module.cos.juju_integration.grafana-loki-dashboard",
            "module.cos.juju_integration.grafana-loki-source",
            "module.cos.juju_integration.grafana-prometheus-dashboard",
            "module.cos.juju_integration.grafana-prometheus-source",
            "module.cos.juju_integration.loki-alertmanager",
            "module.cos.juju_integration.prometheus-alertmanager-alerting",
            "module.cos.juju_integration.prometheus-alertmanager-metrics",
            "module.cos.juju_integration.prometheus-grafana",
            "module.cos.juju_integration.prometheus-loki",
            "module.cos.juju_integration.prometheus-traefik",
            "module.cos.juju_integration.traefik-grafana",
            "module.cos.juju_offer.grafana-dashboards",
            "module.cos.juju_offer.prometheus-receive-remote-write",
            "module.spark.data.juju_model.spark"
          ]
        }
      ]
    },
    {
      "module": "module.spark.module.observability[0]",
      "mode": "managed",
      "type": "juju_integration",
      "name": "agent_grafana_dashboards",
      "provider": "provider[\"registry.terraform.io/juju/juju\"]",
      "instances": [
        {
          "schema_version": 0,
          "attributes": {
            "application": [
              {
                "endpoint": "grafana-dashboards-provider",
                "name": "agent",
                "offer_url": null
              },
              {
                "endpoint": null,
                "name": null,
                "offer_url": "admin/cos.grafana"
              }
            ],
            "id": "spark:agent:grafana-dashboards-provider:grafana:grafana-dashboard",
            "model": "spark",
            "via": null
          },
          "sensitive_attributes": [],
          "dependencies": [
            "juju_model.cos",
            "juju_model.spark",
            "module.cos.juju_application.alertmanager",
            "module.cos.juju_application.catalogue",
            "module.cos.juju_application.grafana",
            "module.cos.juju_application.loki",
            "module.cos.juju_application.prometheus",
            "module.cos.juju_application.traefik",
            "module.cos.juju_integration.catalogue-alertmanager",
            "module.cos.juju_integration.catalogue-grafana",
            "module.cos.juju_integration.catalogue-prometheus",
            "module.cos.juju_integration.catalogue-traefik",
            "module.cos.juju_integration.grafana-alertmanager-dashboard",
            "module.cos.juju_integration.grafana-alertmanager-source",
            "module.cos.juju_integration.grafana-loki-dashboard",
            "module.cos.juju_integration.grafana-loki-source",
            "module.cos.juju_integration.grafana-prometheus-dashboard",
            "module.cos.juju_integration.grafana-prometheus-source",
            "module.cos.juju_integration.loki-alertmanager",
            "module.cos.juju_integration.prometheus-alertmanager-alerting",
            "module.cos.juju_integration.prometheus-alertmanager-metrics",
            "module.cos.juju_integration.prometheus-grafana",
            "module.cos.juju_integration.prometheus-loki",
            "module.cos.juju_integration.prometheus-traefik",
            "module.cos.juju_integration.traefik-grafana",
            "module.cos.juju_offer.grafana-dashboards",
            "module.cos.juju_offer.prometheus-receive-remote-write",
            "module.spark.data.juju_model.spark",
            "module.spark.module.observability.data.juju_offer.grafana_dashboards",
            "module.spark.module.observability.juju_application.agent"
          ]
        }
      ]
    },
    {
      "module": "module.spark.module.observability[0]",
      "mode": "managed",
      "type": "juju_integration",
      "name": "agent_prometheus",
      "provider": "provider[\"registry.terraform.io/juju/juju\"]",
      "instances": [
        {
          "schema_version": 0,
          "attributes": {
            "application": [
              {
                "endpoint": "send-remote-write",
                "name": "agent",
                "offer_url": null
              },
              {
                "endpoint": null,
                "name": null,
                "offer_url": "admin/cos.prometheus"
              }
            ],
            "id": "spark:prometheus:receive-remote-write:agent:send-remote-write",
            "model": "spark",
            "via": null
          },
          "sensitive_attributes": [],
          "dependencies": [
            "juju_model.cos",
            "juju_model.spark",
            "module.cos.juju_application.alertmanager",
            "module.cos.juju_application.catalogue",
            "module.cos.juju_application.grafana",
            "module.cos.juju_application.loki",
            "module.cos.juju_application.prometheus",
            "module.cos.juju_application.traefik",
            "module.cos.juju_integration.catalogue-alertmanager",
            "module.cos.juju_integration.catalogue-grafana",
            "module.cos.juju_integration.catalogue-prometheus",
            "module.cos.juju_integration.catalogue-traefik",
            "module.cos.juju_integration.grafana-alertmanager-dashboard",
            "module.cos.juju_integration.grafana-alertmanager-source",
            "module.cos.juju_integration.grafana-loki-dashboard",
            "module.cos.juju_integration.grafana-loki-source",
            "module.cos.juju_integration.grafana-prometheus-dashboard",
            "module.cos.juju_integration.grafana-prometheus-source",
            "module.cos.juju_integration.loki-alertmanager",
            "module.cos.juju_integration.prometheus-alertmanager-alerting",
            "module.cos.juju_integration.prometheus-alertmanager-metrics",
            "module.cos.juju_integration.prometheus-grafana",
            "module.cos.juju_integration.prometheus-loki",
            "module.cos.juju_integration.prometheus-traefik",
            "module.cos.juju_integration.traefik-grafana",
            "module.cos.juju_offer.grafana-dashboards",
            "module.cos.juju_offer.prometheus-receive-remote-write",
            "module.spark.data.juju_model.spark",
            "module.spark.module.observability.data.juju_offer.prometheus",
            "module.spark.module.observability.juju_application.agent"
          ]
        }
      ]
    },
    {
      "module": "module.spark.module.observability[0]",
      "mode": "managed",
      "type": "juju_integration",
      "name": "cos_configuration_agent",
      "provider": "provider[\"registry.terraform.io/juju/juju\"]",
      "instances": [
        {
          "schema_version": 0,
          "attributes": {
            "application": [
              {
                "endpoint": "grafana-dashboards",
                "name": "cos-configuration",
                "offer_url": null
              },
              {
                "endpoint": "grafana-dashboards-consumer",
                "name": "agent",
                "offer_url": null
              }
            ],
            "id": "spark:cos-configuration:grafana-dashboards:agent:grafana-dashboards-consumer",
            "model": "spark",
            "via": null
          },
          "sensitive_attributes": [],
          "dependencies": [
            "juju_model.cos",
            "juju_model.spark",
            "module.cos.juju_application.alertmanager",
            "module.cos.juju_application.catalogue",
            "module.cos.juju_application.grafana",
            "module.cos.juju_application.loki",
            "module.cos.juju_application.prometheus",
            "module.cos.juju_application.traefik",
            "module.cos.juju_integration.catalogue-alertmanager",
            "module.cos.juju_integration.catalogue-grafana",
            "module.cos.juju_integration.catalogue-prometheus",
            "module.cos.juju_integration.catalogue-traefik",
            "module.cos.juju_integration.grafana-alertmanager-dashboard",
            "module.cos.juju_integration.grafana-alertmanager-source",
            "module.cos.juju_integration.grafana-loki-dashboard",
            "module.cos.juju_integration.grafana-loki-source",
            "module.cos.juju_integration.grafana-prometheus-dashboard",
            "module.cos.juju_integration.grafana-prometheus-source",
            "module.cos.juju_integration.loki-alertmanager",
            "module.cos.juju_integration.prometheus-alertmanager-alerting",
            "module.cos.juju_integration.prometheus-alertmanager-metrics",
            "module.cos.juju_integration.prometheus-grafana",
            "module.cos.juju_integration.prometheus-loki",
            "module.cos.juju_integration.prometheus-traefik",
            "module.cos.juju_integration.traefik-grafana",
            "module.cos.juju_offer.grafana-dashboards",
            "module.cos.juju_offer.prometheus-receive-remote-write",
            "module.spark.data.juju_model.spark",
            "module.spark.module.observability.juju_application.agent",
            "module.spark.module.observability.juju_application.cos_configuration"
          ]
        }
      ]
    },
    {
      "module": "module.spark.module.observability[0]",
      "mode": "managed",
      "type": "juju_integration",
      "name": "history_server_agent_dashboard",
      "provider": "provider[\"registry.terraform.io/juju/juju\"]",
      "instances": [
        {
          "schema_version": 0,
          "attributes": {
            "application": [
              {
                "endpoint": "grafana-dashboard",
                "name": "history-server",
                "offer_url": null
              },
              {
                "endpoint": "grafana-dashboards-consumer",
                "name": "agent",
                "offer_url": null
              }
            ],
            "id": "spark:history-server:grafana-dashboard:agent:grafana-dashboards-consumer",
            "model": "spark",
            "via": null
          },
          "sensitive_attributes": [],
          "dependencies": [
            "juju_model.cos",
            "juju_model.spark",
            "module.cos.juju_application.alertmanager",
            "module.cos.juju_application.catalogue",
            "module.cos.juju_application.grafana",
            "module.cos.juju_application.loki",
            "module.cos.juju_application.prometheus",
            "module.cos.juju_application.traefik",
            "module.cos.juju_integration.catalogue-alertmanager",
            "module.cos.juju_integration.catalogue-grafana",
            "module.cos.juju_integration.catalogue-prometheus",
            "module.cos.juju_integration.catalogue-traefik",
            "module.cos.juju_integration.grafana-alertmanager-dashboard",
            "module.cos.juju_integration.grafana-alertmanager-source",
            "module.cos.juju_integration.grafana-loki-dashboard",
            "module.cos.juju_integration.grafana-loki-source",
            "module.cos.juju_integration.grafana-prometheus-dashboard",
            "module.cos.juju_integration.grafana-prometheus-source",
            "module.cos.juju_integration.loki-alertmanager",
            "module.cos.juju_integration.prometheus-alertmanager-alerting",
            "module.cos.juju_integration.prometheus-alertmanager-metrics",
            "module.cos.juju_integration.prometheus-grafana",
            "module.cos.juju_integration.prometheus-loki",
            "module.cos.juju_integration.prometheus-traefik",
            "module.cos.juju_integration.traefik-grafana",
            "module.cos.juju_offer.grafana-dashboards",
            "module.cos.juju_offer.prometheus-receive-remote-write",
            "module.spark.data.juju_model.spark",
            "module.spark.module.observability.juju_application.agent"
          ]
        }
      ]
    },
    {
      "module": "module.spark.module.observability[0]",
      "mode": "managed",
      "type": "juju_integration",
      "name": "history_server_agent_logging",
      "provider": "provider[\"registry.terraform.io/juju/juju\"]",
      "instances": [
        {
          "schema_version": 0,
          "attributes": {
            "application": [
              {
                "endpoint": "logging",
                "name": "history-server",
                "offer_url": null
              },
              {
                "endpoint": "logging-provider",
                "name": "agent",
                "offer_url": null
              }
            ],
            "id": "spark:agent:logging-provider:history-server:logging",
            "model": "spark",
            "via": null
          },
          "sensitive_attributes": [],
          "dependencies": [
            "juju_model.cos",
            "juju_model.spark",
            "module.cos.juju_application.alertmanager",
            "module.cos.juju_application.catalogue",
            "module.cos.juju_application.grafana",
            "module.cos.juju_application.loki",
            "module.cos.juju_application.prometheus",
            "module.cos.juju_application.traefik",
            "module.cos.juju_integration.catalogue-alertmanager",
            "module.cos.juju_integration.catalogue-grafana",
            "module.cos.juju_integration.catalogue-prometheus",
            "module.cos.juju_integration.catalogue-traefik",
            "module.cos.juju_integration.grafana-alertmanager-dashboard",
            "module.cos.juju_integration.grafana-alertmanager-source",
            "module.cos.juju_integration.grafana-loki-dashboard",
            "module.cos.juju_integration.grafana-loki-source",
            "module.cos.juju_integration.grafana-prometheus-dashboard",
            "module.cos.juju_integration.grafana-prometheus-source",
            "module.cos.juju_integration.loki-alertmanager",
            "module.cos.juju_integration.prometheus-alertmanager-alerting",
            "module.cos.juju_integration.prometheus-alertmanager-metrics",
            "module.cos.juju_integration.prometheus-grafana",
            "module.cos.juju_integration.prometheus-loki",
            "module.cos.juju_integration.prometheus-traefik",
            "module.cos.juju_integration.traefik-grafana",
            "module.cos.juju_offer.grafana-dashboards",
            "module.cos.juju_offer.prometheus-receive-remote-write",
            "module.spark.data.juju_model.spark",
            "module.spark.module.observability.juju_application.agent"
          ]
        }
      ]
    },
    {
      "module": "module.spark.module.observability[0]",
      "mode": "managed",
      "type": "juju_integration",
      "name": "history_server_agent_metrics",
      "provider": "provider[\"registry.terraform.io/juju/juju\"]",
      "instances": [
        {
          "schema_version": 0,
          "attributes": {
            "application": [
              {
                "endpoint": "metrics-endpoint",
                "name": "agent",
                "offer_url": null
              },
              {
                "endpoint": "metrics-endpoint",
                "name": "history-server",
                "offer_url": null
              }
            ],
            "id": "spark:history-server:metrics-endpoint:agent:metrics-endpoint",
            "model": "spark",
            "via": null
          },
          "sensitive_attributes": [],
          "dependencies": [
            "juju_model.cos",
            "juju_model.spark",
            "module.cos.juju_application.alertmanager",
            "module.cos.juju_application.catalogue",
            "module.cos.juju_application.grafana",
            "module.cos.juju_application.loki",
            "module.cos.juju_application.prometheus",
            "module.cos.juju_application.traefik",
            "module.cos.juju_integration.catalogue-alertmanager",
            "module.cos.juju_integration.catalogue-grafana",
            "module.cos.juju_integration.catalogue-prometheus",
            "module.cos.juju_integration.catalogue-traefik",
            "module.cos.juju_integration.grafana-alertmanager-dashboard",
            "module.cos.juju_integration.grafana-alertmanager-source",
            "module.cos.juju_integration.grafana-loki-dashboard",
            "module.cos.juju_integration.grafana-loki-source",
            "module.cos.juju_integration.grafana-prometheus-dashboard",
            "module.cos.juju_integration.grafana-prometheus-source",
            "module.cos.juju_integration.loki-alertmanager",
            "module.cos.juju_integration.prometheus-alertmanager-alerting",
            "module.cos.juju_integration.prometheus-alertmanager-metrics",
            "module.cos.juju_integration.prometheus-grafana",
            "module.cos.juju_integration.prometheus-loki",
            "module.cos.juju_integration.prometheus-traefik",
            "module.cos.juju_integration.traefik-grafana",
            "module.cos.juju_offer.grafana-dashboards",
            "module.cos.juju_offer.prometheus-receive-remote-write",
            "module.spark.data.juju_model.spark",
            "module.spark.module.observability.juju_application.agent"
          ]
        }
      ]
    },
    {
      "module": "module.spark.module.observability[0]",
      "mode": "managed",
      "type": "juju_integration",
      "name": "pushgateway_integration_hub",
      "provider": "provider[\"registry.terraform.io/juju/juju\"]",
      "instances": [
        {
          "schema_version": 0,
          "attributes": {
            "application": [
              {
                "endpoint": "cos",
                "name": "integration-hub",
                "offer_url": null
              },
              {
                "endpoint": "push-endpoint",
                "name": "pushgateway",
                "offer_url": null
              }
            ],
            "id": "spark:pushgateway:push-endpoint:integration-hub:cos",
            "model": "spark",
            "via": null
          },
          "sensitive_attributes": [],
          "dependencies": [
            "juju_model.cos",
            "juju_model.spark",
            "module.cos.juju_application.alertmanager",
            "module.cos.juju_application.catalogue",
            "module.cos.juju_application.grafana",
            "module.cos.juju_application.loki",
            "module.cos.juju_application.prometheus",
            "module.cos.juju_application.traefik",
            "module.cos.juju_integration.catalogue-alertmanager",
            "module.cos.juju_integration.catalogue-grafana",
            "module.cos.juju_integration.catalogue-prometheus",
            "module.cos.juju_integration.catalogue-traefik",
            "module.cos.juju_integration.grafana-alertmanager-dashboard",
            "module.cos.juju_integration.grafana-alertmanager-source",
            "module.cos.juju_integration.grafana-loki-dashboard",
            "module.cos.juju_integration.grafana-loki-source",
            "module.cos.juju_integration.grafana-prometheus-dashboard",
            "module.cos.juju_integration.grafana-prometheus-source",
            "module.cos.juju_integration.loki-alertmanager",
            "module.cos.juju_integration.prometheus-alertmanager-alerting",
            "module.cos.juju_integration.prometheus-alertmanager-metrics",
            "module.cos.juju_integration.prometheus-grafana",
            "module.cos.juju_integration.prometheus-loki",
            "module.cos.juju_integration.prometheus-traefik",
            "module.cos.juju_integration.traefik-grafana",
            "module.cos.juju_offer.grafana-dashboards",
            "module.cos.juju_offer.prometheus-receive-remote-write",
            "module.spark.data.juju_model.spark",
            "module.spark.module.base.juju_application.history_server",
            "module.spark.module.base.juju_application.hub",
            "module.spark.module.base.juju_application.kyuubi",
            "module.spark.module.base.juju_application.kyuubi_users",
            "module.spark.module.base.juju_application.metastore",
            "module.spark.module.observability.juju_application.pushgateway"
          ]
        }
      ]
    },
    {
      "module": "module.spark.module.observability[0]",
      "mode": "managed",
      "type": "juju_integration",
      "name": "pushgateway_scrape_config",
      "provider": "provider[\"registry.terraform.io/juju/juju\"]",
      "instances": [
        {
          "schema_version": 0,
          "attributes": {
            "application": [
              {
                "endpoint": "configurable-scrape-jobs",
                "name": "scrape-config",
                "offer_url": null
              },
              {
                "endpoint": "metrics-endpoint",
                "name": "pushgateway",
                "offer_url": null
              }
            ],
            "id": "spark:pushgateway:metrics-endpoint:scrape-config:configurable-scrape-jobs",
            "model": "spark",
            "via": null
          },
          "sensitive_attributes": [],
          "dependencies": [
            "juju_model.cos",
            "juju_model.spark",
            "module.cos.juju_application.alertmanager",
            "module.cos.juju_application.catalogue",
            "module.cos.juju_application.grafana",
            "module.cos.juju_application.loki",
            "module.cos.juju_application.prometheus",
            "module.cos.juju_application.traefik",
            "module.cos.juju_integration.catalogue-alertmanager",
            "module.cos.juju_integration.catalogue-grafana",
            "module.cos.juju_integration.catalogue-prometheus",
            "module.cos.juju_integration.catalogue-traefik",
            "module.cos.juju_integration.grafana-alertmanager-dashboard",
            "module.cos.juju_integration.grafana-alertmanager-source",
            "module.cos.juju_integration.grafana-loki-dashboard",
            "module.cos.juju_integration.grafana-loki-source",
            "module.cos.juju_integration.grafana-prometheus-dashboard",
            "module.cos.juju_integration.grafana-prometheus-source",
            "module.cos.juju_integration.loki-alertmanager",
            "module.cos.juju_integration.prometheus-alertmanager-alerting",
            "module.cos.juju_integration.prometheus-alertmanager-metrics",
            "module.cos.juju_integration.prometheus-grafana",
            "module.cos.juju_integration.prometheus-loki",
            "module.cos.juju_integration.prometheus-traefik",
            "module.cos.juju_integration.traefik-grafana",
            "module.cos.juju_offer.grafana-dashboards",
            "module.cos.juju_offer.prometheus-receive-remote-write",
            "module.spark.data.juju_model.spark",
            "module.spark.module.observability.juju_application.pushgateway",
            "module.spark.module.observability.juju_application.scrape_config"
          ]
        }
      ]
    },
    {
      "module": "module.spark.module.observability[0]",
      "mode": "managed",
      "type": "juju_integration",
      "name": "scrape_config_agent",
      "provider": "provider[\"registry.terraform.io/juju/juju\"]",
      "instances": [
        {
          "schema_version": 0,
          "attributes": {
            "application": [
              {
                "endpoint": "metrics-endpoint",
                "name": "agent",
                "offer_url": null
              },
              {
                "endpoint": "metrics-endpoint",
                "name": "scrape-config",
                "offer_url": null
              }
            ],
            "id": "spark:scrape-config:metrics-endpoint:agent:metrics-endpoint",
            "model": "spark",
            "via": null
          },
          "sensitive_attributes": [],
          "dependencies": [
            "juju_model.cos",
            "juju_model.spark",
            "module.cos.juju_application.alertmanager",
            "module.cos.juju_application.catalogue",
            "module.cos.juju_application.grafana",
            "module.cos.juju_application.loki",
            "module.cos.juju_application.prometheus",
            "module.cos.juju_application.traefik",
            "module.cos.juju_integration.catalogue-alertmanager",
            "module.cos.juju_integration.catalogue-grafana",
            "module.cos.juju_integration.catalogue-prometheus",
            "module.cos.juju_integration.catalogue-traefik",
            "module.cos.juju_integration.grafana-alertmanager-dashboard",
            "module.cos.juju_integration.grafana-alertmanager-source",
            "module.cos.juju_integration.grafana-loki-dashboard",
            "module.cos.juju_integration.grafana-loki-source",
            "module.cos.juju_integration.grafana-prometheus-dashboard",
            "module.cos.juju_integration.grafana-prometheus-source",
            "module.cos.juju_integration.loki-alertmanager",
            "module.cos.juju_integration.prometheus-alertmanager-alerting",
            "module.cos.juju_integration.prometheus-alertmanager-metrics",
            "module.cos.juju_integration.prometheus-grafana",
            "module.cos.juju_integration.prometheus-loki",
            "module.cos.juju_integration.prometheus-traefik",
            "module.cos.juju_integration.traefik-grafana",
            "module.cos.juju_offer.grafana-dashboards",
            "module.cos.juju_offer.prometheus-receive-remote-write",
            "module.spark.data.juju_model.spark",
            "module.spark.module.observability.juju_application.agent",
            "module.spark.module.observability.juju_application.scrape_config"
          ]
        }
      ]
    }
  ],
  "check_results": null
}
